
Microsoft Visual Studio Solution File, Format Version 12.00
# Visual Studio Version 17
VisualStudioVersion = 17.7.34221.43
MinimumVisualStudioVersion = 10.0.40219.1
Project("{FAE04EC0-301F-11D3-BF4B-00C04F79EFBC}") = "choco", "choco.csproj", "{7FDC6C2E-A425-49FF-A258-2AF0E535741C}"
EndProject
Global
	GlobalSection(SolutionConfigurationPlatforms) = preSolution
		Debug|Any CPU = Debug|Any CPU
		Release|Any CPU = Release|Any CPU
	EndGlobalSection
	GlobalSection(ProjectConfigurationPlatforms) = postSolution
		{7FDC6C2E-A425-49FF-A258-2AF0E535741C}.Debug|Any CPU.ActiveCfg = Debug|Any CPU
		{7FDC6C2E-A425-49FF-A258-2AF0E535741C}.Debug|Any CPU.Build.0 = Debug|Any CPU
		{7FDC6C2E-A425-49FF-A258-2AF0E535741C}.Release|Any CPU.ActiveCfg = Release|Any CPU
		{7FDC6C2E-A425-49FF-A258-2AF0E535741C}.Release|Any CPU.Build.0 = Release|Any CPU
	EndGlobalSection
	GlobalSection(SolutionProperties) = preSolution
		HideSolutionNode = FALSE
	EndGlobalSection
	GlobalSection(ExtensibilityGlobals) = postSolution
		SolutionGuid = {3806C20F-26A1-4BBE-9ADA-CB740BE37A93}
	EndGlobalSection
EndGlobal
